
Microsoft Visual Studio Solution File, Format Version 12.00
# Visual Studio 2013
VisualStudioVersion = 12.0.21005.1
MinimumVisualStudioVersion = 10.0.40219.1
Project("{FAE04EC0-301F-11D3-BF4B-00C04F79EFBC}") = "KymdanMM", "KymdanMM\KymdanMM.csproj", "{81C6D269-17BD-446A-AD83-470050FFDFAD}"
EndProject
Project("{FAE04EC0-301F-11D3-BF4B-00C04F79EFBC}") = "KymdanMM.Data", "KymdanMM.Data\KymdanMM.Data.csproj", "{E3A3B834-8CB2-4D83-863A-E596B68843DA}"
EndProject
Project("{FAE04EC0-301F-11D3-BF4B-00C04F79EFBC}") = "KymdanMM.Model", "KymdanMM.Model\KymdanMM.Model.csproj", "{DD28E0EE-7CCA-4925-9E03-B7C07FF011E4}"
EndProject
Global
	GlobalSection(SolutionConfigurationPlatforms) = preSolution
		Debug|Any CPU = Debug|Any CPU
		Release|Any CPU = Release|Any CPU
	EndGlobalSection
	GlobalSection(ProjectConfigurationPlatforms) = postSolution
		{81C6D269-17BD-446A-AD83-470050FFDFAD}.Debug|Any CPU.ActiveCfg = Debug|Any CPU
		{81C6D269-17BD-446A-AD83-470050FFDFAD}.Debug|Any CPU.Build.0 = Debug|Any CPU
		{81C6D269-17BD-446A-AD83-470050FFDFAD}.Release|Any CPU.ActiveCfg = Release|Any CPU
		{81C6D269-17BD-446A-AD83-470050FFDFAD}.Release|Any CPU.Build.0 = Release|Any CPU
		{E3A3B834-8CB2-4D83-863A-E596B68843DA}.Debug|Any CPU.ActiveCfg = Debug|Any CPU
		{E3A3B834-8CB2-4D83-863A-E596B68843DA}.Debug|Any CPU.Build.0 = Debug|Any CPU
		{E3A3B834-8CB2-4D83-863A-E596B68843DA}.Release|Any CPU.ActiveCfg = Release|Any CPU
		{E3A3B834-8CB2-4D83-863A-E596B68843DA}.Release|Any CPU.Build.0 = Release|Any CPU
		{DD28E0EE-7CCA-4925-9E03-B7C07FF011E4}.Debug|Any CPU.ActiveCfg = Debug|Any CPU
		{DD28E0EE-7CCA-4925-9E03-B7C07FF011E4}.Debug|Any CPU.Build.0 = Debug|Any CPU
		{DD28E0EE-7CCA-4925-9E03-B7C07FF011E4}.Release|Any CPU.ActiveCfg = Release|Any CPU
		{DD28E0EE-7CCA-4925-9E03-B7C07FF011E4}.Release|Any CPU.Build.0 = Release|Any CPU
	EndGlobalSection
	GlobalSection(SolutionProperties) = preSolution
		HideSolutionNode = FALSE
	EndGlobalSection
EndGlobal
